
Microsoft Visual Studio Solution File, Format Version 12.00
# Visual Studio Version 16
VisualStudioVersion = 16.0.30907.101
MinimumVisualStudioVersion = 10.0.40219.1
Project("{FAE04EC0-301F-11D3-BF4B-00C04F79EFBC}") = "DirtyDand", "DirtyDand\DirtyDand.csproj", "{764870FF-91CE-4FF0-8FD5-753C3C6B320A}"
EndProject
Global
	GlobalSection(SolutionConfigurationPlatforms) = preSolution
		Debug|Any CPU = Debug|Any CPU
		Release|Any CPU = Release|Any CPU
	EndGlobalSection
	GlobalSection(ProjectConfigurationPlatforms) = postSolution
		{764870FF-91CE-4FF0-8FD5-753C3C6B320A}.Debug|Any CPU.ActiveCfg = Debug|Any CPU
		{764870FF-91CE-4FF0-8FD5-753C3C6B320A}.Debug|Any CPU.Build.0 = Debug|Any CPU
		{764870FF-91CE-4FF0-8FD5-753C3C6B320A}.Release|Any CPU.ActiveCfg = Release|Any CPU
		{764870FF-91CE-4FF0-8FD5-753C3C6B320A}.Release|Any CPU.Build.0 = Release|Any CPU
	EndGlobalSection
	GlobalSection(SolutionProperties) = preSolution
		HideSolutionNode = FALSE
	EndGlobalSection
	GlobalSection(ExtensibilityGlobals) = postSolution
		SolutionGuid = {9AD5D98D-57B6-4E59-978E-73BB7929EAA0}
	EndGlobalSection
EndGlobal
